// !$*UTF8*$!
{
	archiveVersion = 1;
	classes = {
	};
	objectVersion = 46;
	objects = {

/* Begin PBXBuildFile section */
		BB2815CD1BA6741600F471AC /* CollectionView.m in Sources */ = {isa = PBXBuildFile; fileRef = BB2815CB1BA6741600F471AC /* CollectionView.m */; };
		BB2815CE1BA6741600F471AC /* CollectionView.xib in Resources */ = {isa = PBXBuildFile; fileRef = BB2815CC1BA6741600F471AC /* CollectionView.xib */; };
		BB2815D11BA69B6E00F471AC /* CollectionViewCell.m in Sources */ = {isa = PBXBuildFile; fileRef = BB2815D01BA69B6E00F471AC /* CollectionViewCell.m */; };
		BB39EEC21B9E7DCB001AE0B4 /* main.m in Sources */ = {isa = PBXBuildFile; fileRef = BB39EEC11B9E7DCB001AE0B4 /* main.m */; };
		BB39EEC51B9E7DCB001AE0B4 /* AppDelegate.m in Sources */ = {isa = PBXBuildFile; fileRef = BB39EEC41B9E7DCB001AE0B4 /* AppDelegate.m */; };
		BB39EEC81B9E7DCB001AE0B4 /* ViewController.m in Sources */ = {isa = PBXBuildFile; fileRef = BB39EEC71B9E7DCB001AE0B4 /* ViewController.m */; };
		BB39EECB1B9E7DCB001AE0B4 /* Main.storyboard in Resources */ = {isa = PBXBuildFile; fileRef = BB39EEC91B9E7DCB001AE0B4 /* Main.storyboard */; };
		BB39EECD1B9E7DCB001AE0B4 /* Images.xcassets in Resources */ = {isa = PBXBuildFile; fileRef = BB39EECC1B9E7DCB001AE0B4 /* Images.xcassets */; };
		BB39EED01B9E7DCB001AE0B4 /* LaunchScreen.xib in Resources */ = {isa = PBXBuildFile; fileRef = BB39EECE1B9E7DCB001AE0B4 /* LaunchScreen.xib */; };
		BB39EEDC1B9E7DCB001AE0B4 /* MyStoryBoardTests.m in Sources */ = {isa = PBXBuildFile; fileRef = BB39EEDB1B9E7DCB001AE0B4 /* MyStoryBoardTests.m */; };
		BB39EEE71B9E84B8001AE0B4 /* MyTableViewController.m in Sources */ = {isa = PBXBuildFile; fileRef = BB39EEE61B9E84B8001AE0B4 /* MyTableViewController.m */; };
		BB39EEEA1B9E8512001AE0B4 /* Model.m in Sources */ = {isa = PBXBuildFile; fileRef = BB39EEE91B9E8512001AE0B4 /* Model.m */; };
		BB39EEED1B9E88D3001AE0B4 /* MyTabBarController.m in Sources */ = {isa = PBXBuildFile; fileRef = BB39EEEC1B9E88D3001AE0B4 /* MyTabBarController.m */; };
		BB39EEF01B9E8EA4001AE0B4 /* DetailViewController.m in Sources */ = {isa = PBXBuildFile; fileRef = BB39EEEF1B9E8EA4001AE0B4 /* DetailViewController.m */; };
		BB39EEF21B9EE518001AE0B4 /* 武松.jpg in Resources */ = {isa = PBXBuildFile; fileRef = BB39EEF11B9EE518001AE0B4 /* 武松.jpg */; };
		BB99CBE01BA2A92700192A78 /* FKBasicAnimationBox.m in Sources */ = {isa = PBXBuildFile; fileRef = BB99CBDF1BA2A92700192A78 /* FKBasicAnimationBox.m */; };
		BB99CBE21BA2B74D00192A78 /* 姜太公.jpg in Resources */ = {isa = PBXBuildFile; fileRef = BB99CBE11BA2B74D00192A78 /* 姜太公.jpg */; };
/* End PBXBuildFile section */

/* Begin PBXContainerItemProxy section */
		BB39EED61B9E7DCB001AE0B4 /* PBXContainerItemProxy */ = {
			isa = PBXContainerItemProxy;
			containerPortal = BB39EEB41B9E7DCB001AE0B4 /* Project object */;
			proxyType = 1;
			remoteGlobalIDString = BB39EEBB1B9E7DCB001AE0B4;
			remoteInfo = MyStoryBoard;
		};
/* End PBXContainerItemProxy section */

/* Begin PBXFileReference section */
		BB2815CA1BA6741600F471AC /* CollectionView.h */ = {isa = PBXFileReference; fileEncoding = 4; lastKnownFileType = sourcecode.c.h; path = CollectionView.h; sourceTree = "<group>"; };
		BB2815CB1BA6741600F471AC /* CollectionView.m */ = {isa = PBXFileReference; fileEncoding = 4; lastKnownFileType = sourcecode.c.objc; path = CollectionView.m; sourceTree = "<group>"; };
		BB2815CC1BA6741600F471AC /* CollectionView.xib */ = {isa = PBXFileReference; fileEncoding = 4; lastKnownFileType = file.xib; path = CollectionView.xib; sourceTree = "<group>"; };
		BB2815CF1BA69B6E00F471AC /* CollectionViewCell.h */ = {isa = PBXFileReference; fileEncoding = 4; lastKnownFileType = sourcecode.c.h; path = CollectionViewCell.h; sourceTree = "<group>"; };
		BB2815D01BA69B6E00F471AC /* CollectionViewCell.m */ = {isa = PBXFileReference; fileEncoding = 4; lastKnownFileType = sourcecode.c.objc; path = CollectionViewCell.m; sourceTree = "<group>"; };
		BB39EEBC1B9E7DCB001AE0B4 /* MyStoryBoard.app */ = {isa = PBXFileReference; explicitFileType = wrapper.application; includeInIndex = 0; path = MyStoryBoard.app; sourceTree = BUILT_PRODUCTS_DIR; };
		BB39EEC01B9E7DCB001AE0B4 /* Info.plist */ = {isa = PBXFileReference; lastKnownFileType = text.plist.xml; path = Info.plist; sourceTree = "<group>"; };
		BB39EEC11B9E7DCB001AE0B4 /* main.m */ = {isa = PBXFileReference; lastKnownFileType = sourcecode.c.objc; path = main.m; sourceTree = "<group>"; };
		BB39EEC31B9E7DCB001AE0B4 /* AppDelegate.h */ = {isa = PBXFileReference; lastKnownFileType = sourcecode.c.h; path = AppDelegate.h; sourceTree = "<group>"; };
		BB39EEC41B9E7DCB001AE0B4 /* AppDelegate.m */ = {isa = PBXFileReference; lastKnownFileType = sourcecode.c.objc; path = AppDelegate.m; sourceTree = "<group>"; };
		BB39EEC61B9E7DCB001AE0B4 /* ViewController.h */ = {isa = PBXFileReference; lastKnownFileType = sourcecode.c.h; path = ViewController.h; sourceTree = "<group>"; };
		BB39EEC71B9E7DCB001AE0B4 /* ViewController.m */ = {isa = PBXFileReference; lastKnownFileType = sourcecode.c.objc; path = ViewController.m; sourceTree = "<group>"; };
		BB39EECA1B9E7DCB001AE0B4 /* Base */ = {isa = PBXFileReference; lastKnownFileType = file.storyboard; name = Base; path = Base.lproj/Main.storyboard; sourceTree = "<group>"; };
		BB39EECC1B9E7DCB001AE0B4 /* Images.xcassets */ = {isa = PBXFileReference; lastKnownFileType = folder.assetcatalog; path = Images.xcassets; sourceTree = "<group>"; };
		BB39EECF1B9E7DCB001AE0B4 /* Base */ = {isa = PBXFileReference; lastKnownFileType = file.xib; name = Base; path = Base.lproj/LaunchScreen.xib; sourceTree = "<group>"; };
		BB39EED51B9E7DCB001AE0B4 /* MyStoryBoardTests.xctest */ = {isa = PBXFileReference; explicitFileType = wrapper.cfbundle; includeInIndex = 0; path = MyStoryBoardTests.xctest; sourceTree = BUILT_PRODUCTS_DIR; };
		BB39EEDA1B9E7DCB001AE0B4 /* Info.plist */ = {isa = PBXFileReference; lastKnownFileType = text.plist.xml; path = Info.plist; sourceTree = "<group>"; };
		BB39EEDB1B9E7DCB001AE0B4 /* MyStoryBoardTests.m */ = {isa = PBXFileReference; lastKnownFileType = sourcecode.c.objc; path = MyStoryBoardTests.m; sourceTree = "<group>"; };
		BB39EEE51B9E84B8001AE0B4 /* MyTableViewController.h */ = {isa = PBXFileReference; fileEncoding = 4; lastKnownFileType = sourcecode.c.h; path = MyTableViewController.h; sourceTree = "<group>"; };
		BB39EEE61B9E84B8001AE0B4 /* MyTableViewController.m */ = {isa = PBXFileReference; fileEncoding = 4; lastKnownFileType = sourcecode.c.objc; path = MyTableViewController.m; sourceTree = "<group>"; };
		BB39EEE81B9E8512001AE0B4 /* Model.h */ = {isa = PBXFileReference; fileEncoding = 4; lastKnownFileType = sourcecode.c.h; path = Model.h; sourceTree = "<group>"; };
		BB39EEE91B9E8512001AE0B4 /* Model.m */ = {isa = PBXFileReference; fileEncoding = 4; lastKnownFileType = sourcecode.c.objc; path = Model.m; sourceTree = "<group>"; };
		BB39EEEB1B9E88D3001AE0B4 /* MyTabBarController.h */ = {isa = PBXFileReference; fileEncoding = 4; lastKnownFileType = sourcecode.c.h; path = MyTabBarController.h; sourceTree = "<group>"; };
		BB39EEEC1B9E88D3001AE0B4 /* MyTabBarController.m */ = {isa = PBXFileReference; fileEncoding = 4; lastKnownFileType = sourcecode.c.objc; path = MyTabBarController.m; sourceTree = "<group>"; };
		BB39EEEE1B9E8EA4001AE0B4 /* DetailViewController.h */ = {isa = PBXFileReference; fileEncoding = 4; lastKnownFileType = sourcecode.c.h; path = DetailViewController.h; sourceTree = "<group>"; };
		BB39EEEF1B9E8EA4001AE0B4 /* DetailViewController.m */ = {isa = PBXFileReference; fileEncoding = 4; lastKnownFileType = sourcecode.c.objc; path = DetailViewController.m; sourceTree = "<group>"; };
		BB39EEF11B9EE518001AE0B4 /* 武松.jpg */ = {isa = PBXFileReference; lastKnownFileType = image.jpeg; path = "武松.jpg"; sourceTree = "<group>"; };
		BB99CBDE1BA2A92700192A78 /* FKBasicAnimationBox.h */ = {isa = PBXFileReference; fileEncoding = 4; lastKnownFileType = sourcecode.c.h; path = FKBasicAnimationBox.h; sourceTree = "<group>"; };
		BB99CBDF1BA2A92700192A78 /* FKBasicAnimationBox.m */ = {isa = PBXFileReference; fileEncoding = 4; lastKnownFileType = sourcecode.c.objc; path = FKBasicAnimationBox.m; sourceTree = "<group>"; };
		BB99CBE11BA2B74D00192A78 /* 姜太公.jpg */ = {isa = PBXFileReference; lastKnownFileType = image.jpeg; path = "姜太公.jpg"; sourceTree = "<group>"; };
/* End PBXFileReference section */

/* Begin PBXFrameworksBuildPhase section */
		BB39EEB91B9E7DCB001AE0B4 /* Frameworks */ = {
			isa = PBXFrameworksBuildPhase;
			buildActionMask = 2147483647;
			files = (
			);
			runOnlyForDeploymentPostprocessing = 0;
		};
		BB39EED21B9E7DCB001AE0B4 /* Frameworks */ = {
			isa = PBXFrameworksBuildPhase;
			buildActionMask = 2147483647;
			files = (
			);
			runOnlyForDeploymentPostprocessing = 0;
		};
/* End PBXFrameworksBuildPhase section */

/* Begin PBXGroup section */
		BB39EEB31B9E7DCB001AE0B4 = {
			isa = PBXGroup;
			children = (
				BB39EEBE1B9E7DCB001AE0B4 /* MyStoryBoard */,
				BB39EED81B9E7DCB001AE0B4 /* MyStoryBoardTests */,
				BB39EEBD1B9E7DCB001AE0B4 /* Products */,
			);
			sourceTree = "<group>";
		};
		BB39EEBD1B9E7DCB001AE0B4 /* Products */ = {
			isa = PBXGroup;
			children = (
				BB39EEBC1B9E7DCB001AE0B4 /* MyStoryBoard.app */,
				BB39EED51B9E7DCB001AE0B4 /* MyStoryBoardTests.xctest */,
			);
			name = Products;
			sourceTree = "<group>";
		};
		BB39EEBE1B9E7DCB001AE0B4 /* MyStoryBoard */ = {
			isa = PBXGroup;
			children = (
				BB39EEF11B9EE518001AE0B4 /* 武松.jpg */,
				BB99CBE11BA2B74D00192A78 /* 姜太公.jpg */,
				BB39EEC31B9E7DCB001AE0B4 /* AppDelegate.h */,
				BB39EEC41B9E7DCB001AE0B4 /* AppDelegate.m */,
				BB39EEC61B9E7DCB001AE0B4 /* ViewController.h */,
				BB39EEC71B9E7DCB001AE0B4 /* ViewController.m */,
				BB39EEEB1B9E88D3001AE0B4 /* MyTabBarController.h */,
				BB39EEEC1B9E88D3001AE0B4 /* MyTabBarController.m */,
				BB39EEE51B9E84B8001AE0B4 /* MyTableViewController.h */,
				BB39EEE61B9E84B8001AE0B4 /* MyTableViewController.m */,
				BB39EEEE1B9E8EA4001AE0B4 /* DetailViewController.h */,
				BB39EEEF1B9E8EA4001AE0B4 /* DetailViewController.m */,
				BB2815CA1BA6741600F471AC /* CollectionView.h */,
				BB2815CB1BA6741600F471AC /* CollectionView.m */,
				BB2815CC1BA6741600F471AC /* CollectionView.xib */,
				BB2815CF1BA69B6E00F471AC /* CollectionViewCell.h */,
				BB2815D01BA69B6E00F471AC /* CollectionViewCell.m */,
				BB39EEE81B9E8512001AE0B4 /* Model.h */,
				BB39EEE91B9E8512001AE0B4 /* Model.m */,
				BB99CBDE1BA2A92700192A78 /* FKBasicAnimationBox.h */,
				BB99CBDF1BA2A92700192A78 /* FKBasicAnimationBox.m */,
				BB39EEC91B9E7DCB001AE0B4 /* Main.storyboard */,
				BB39EECC1B9E7DCB001AE0B4 /* Images.xcassets */,
				BB39EECE1B9E7DCB001AE0B4 /* LaunchScreen.xib */,
				BB39EEBF1B9E7DCB001AE0B4 /* Supporting Files */,
			);
			path = MyStoryBoard;
			sourceTree = "<group>";
		};
		BB39EEBF1B9E7DCB001AE0B4 /* Supporting Files */ = {
			isa = PBXGroup;
			children = (
				BB39EEC01B9E7DCB001AE0B4 /* Info.plist */,
				BB39EEC11B9E7DCB001AE0B4 /* main.m */,
			);
			name = "Supporting Files";
			sourceTree = "<group>";
		};
		BB39EED81B9E7DCB001AE0B4 /* MyStoryBoardTests */ = {
			isa = PBXGroup;
			children = (
				BB39EEDB1B9E7DCB001AE0B4 /* MyStoryBoardTests.m */,
				BB39EED91B9E7DCB001AE0B4 /* Supporting Files */,
			);
			path = MyStoryBoardTests;
			sourceTree = "<group>";
		};
		BB39EED91B9E7DCB001AE0B4 /* Supporting Files */ = {
			isa = PBXGroup;
			children = (
				BB39EEDA1B9E7DCB001AE0B4 /* Info.plist */,
			);
			name = "Supporting Files";
			sourceTree = "<group>";
		};
/* End PBXGroup section */

/* Begin PBXNativeTarget section */
		BB39EEBB1B9E7DCB001AE0B4 /* MyStoryBoard */ = {
			isa = PBXNativeTarget;
			buildConfigurationList = BB39EEDF1B9E7DCB001AE0B4 /* Build configuration list for PBXNativeTarget "MyStoryBoard" */;
			buildPhases = (
				BB39EEB81B9E7DCB001AE0B4 /* Sources */,
				BB39EEB91B9E7DCB001AE0B4 /* Frameworks */,
				BB39EEBA1B9E7DCB001AE0B4 /* Resources */,
			);
			buildRules = (
			);
			dependencies = (
			);
			name = MyStoryBoard;
			productName = MyStoryBoard;
			productReference = BB39EEBC1B9E7DCB001AE0B4 /* MyStoryBoard.app */;
			productType = "com.apple.product-type.application";
		};
		BB39EED41B9E7DCB001AE0B4 /* MyStoryBoardTests */ = {
			isa = PBXNativeTarget;
			buildConfigurationList = BB39EEE21B9E7DCB001AE0B4 /* Build configuration list for PBXNativeTarget "MyStoryBoardTests" */;
			buildPhases = (
				BB39EED11B9E7DCB001AE0B4 /* Sources */,
				BB39EED21B9E7DCB001AE0B4 /* Frameworks */,
				BB39EED31B9E7DCB001AE0B4 /* Resources */,
			);
			buildRules = (
			);
			dependencies = (
				BB39EED71B9E7DCB001AE0B4 /* PBXTargetDependency */,
			);
			name = MyStoryBoardTests;
			productName = MyStoryBoardTests;
			productReference = BB39EED51B9E7DCB001AE0B4 /* MyStoryBoardTests.xctest */;
			productType = "com.apple.product-type.bundle.unit-test";
		};
/* End PBXNativeTarget section */

/* Begin PBXProject section */
		BB39EEB41B9E7DCB001AE0B4 /* Project object */ = {
			isa = PBXProject;
			attributes = {
				LastUpgradeCheck = 0630;
				ORGANIZATIONNAME = zxq;
				TargetAttributes = {
					BB39EEBB1B9E7DCB001AE0B4 = {
						CreatedOnToolsVersion = 6.3;
					};
					BB39EED41B9E7DCB001AE0B4 = {
						CreatedOnToolsVersion = 6.3;
						TestTargetID = BB39EEBB1B9E7DCB001AE0B4;
					};
				};
			};
			buildConfigurationList = BB39EEB71B9E7DCB001AE0B4 /* Build configuration list for PBXProject "MyStoryBoard" */;
			compatibilityVersion = "Xcode 3.2";
			developmentRegion = English;
			hasScannedForEncodings = 0;
			knownRegions = (
				en,
				Base,
			);
			mainGroup = BB39EEB31B9E7DCB001AE0B4;
			productRefGroup = BB39EEBD1B9E7DCB001AE0B4 /* Products */;
			projectDirPath = "";
			projectRoot = "";
			targets = (
				BB39EEBB1B9E7DCB001AE0B4 /* MyStoryBoard */,
				BB39EED41B9E7DCB001AE0B4 /* MyStoryBoardTests */,
			);
		};
/* End PBXProject section */

/* Begin PBXResourcesBuildPhase section */
		BB39EEBA1B9E7DCB001AE0B4 /* Resources */ = {
			isa = PBXResourcesBuildPhase;
			buildActionMask = 2147483647;
			files = (
				BB2815CE1BA6741600F471AC /* CollectionView.xib in Resources */,
				BB39EECB1B9E7DCB001AE0B4 /* Main.storyboard in Resources */,
				BB39EEF21B9EE518001AE0B4 /* 武松.jpg in Resources */,
				BB39EED01B9E7DCB001AE0B4 /* LaunchScreen.xib in Resources */,
				BB39EECD1B9E7DCB001AE0B4 /* Images.xcassets in Resources */,
				BB99CBE21BA2B74D00192A78 /* 姜太公.jpg in Resources */,
			);
			runOnlyForDeploymentPostprocessing = 0;
		};
		BB39EED31B9E7DCB001AE0B4 /* Resources */ = {
			isa = PBXResourcesBuildPhase;
			buildActionMask = 2147483647;
			files = (
			);
			runOnlyForDeploymentPostprocessing = 0;
		};
/* End PBXResourcesBuildPhase section */

/* Begin PBXSourcesBuildPhase section */
		BB39EEB81B9E7DCB001AE0B4 /* Sources */ = {
			isa = PBXSourcesBuildPhase;
			buildActionMask = 2147483647;
			files = (
				BB2815CD1BA6741600F471AC /* CollectionView.m in Sources */,
				BB39EEC81B9E7DCB001AE0B4 /* ViewController.m in Sources */,
				BB39EEC51B9E7DCB001AE0B4 /* AppDelegate.m in Sources */,
				BB39EEC21B9E7DCB001AE0B4 /* main.m in Sources */,
				BB39EEE71B9E84B8001AE0B4 /* MyTableViewController.m in Sources */,
				BB99CBE01BA2A92700192A78 /* FKBasicAnimationBox.m in Sources */,
				BB2815D11BA69B6E00F471AC /* CollectionViewCell.m in Sources */,
				BB39EEEA1B9E8512001AE0B4 /* Model.m in Sources */,
				BB39EEED1B9E88D3001AE0B4 /* MyTabBarController.m in Sources */,
				BB39EEF01B9E8EA4001AE0B4 /* DetailViewController.m in Sources */,
			);
			runOnlyForDeploymentPostprocessing = 0;
		};
		BB39EED11B9E7DCB001AE0B4 /* Sources */ = {
			isa = PBXSourcesBuildPhase;
			buildActionMask = 2147483647;
			files = (
				BB39EEDC1B9E7DCB001AE0B4 /* MyStoryBoardTests.m in Sources */,
			);
			runOnlyForDeploymentPostprocessing = 0;
		};
/* End PBXSourcesBuildPhase section */

/* Begin PBXTargetDependency section */
		BB39EED71B9E7DCB001AE0B4 /* PBXTargetDependency */ = {
			isa = PBXTargetDependency;
			target = BB39EEBB1B9E7DCB001AE0B4 /* MyStoryBoard */;
			targetProxy = BB39EED61B9E7DCB001AE0B4 /* PBXContainerItemProxy */;
		};
/* End PBXTargetDependency section */

/* Begin PBXVariantGroup section */
		BB39EEC91B9E7DCB001AE0B4 /* Main.storyboard */ = {
			isa = PBXVariantGroup;
			children = (
				BB39EECA1B9E7DCB001AE0B4 /* Base */,
			);
			name = Main.storyboard;
			sourceTree = "<group>";
		};
		BB39EECE1B9E7DCB001AE0B4 /* LaunchScreen.xib */ = {
			isa = PBXVariantGroup;
			children = (
				BB39EECF1B9E7DCB001AE0B4 /* Base */,
			);
			name = LaunchScreen.xib;
			sourceTree = "<group>";
		};
/* End PBXVariantGroup section */

/* Begin XCBuildConfiguration section */
		BB39EEDD1B9E7DCB001AE0B4 /* Debug */ = {
			isa = XCBuildConfiguration;
			buildSettings = {
				ALWAYS_SEARCH_USER_PATHS = NO;
				CLANG_CXX_LANGUAGE_STANDARD = "gnu++0x";
				CLANG_CXX_LIBRARY = "libc++";
				CLANG_ENABLE_MODULES = YES;
				CLANG_ENABLE_OBJC_ARC = YES;
				CLANG_WARN_BOOL_CONVERSION = YES;
				CLANG_WARN_CONSTANT_CONVERSION = YES;
				CLANG_WARN_DIRECT_OBJC_ISA_USAGE = YES_ERROR;
				CLANG_WARN_EMPTY_BODY = YES;
				CLANG_WARN_ENUM_CONVERSION = YES;
				CLANG_WARN_INT_CONVERSION = YES;
				CLANG_WARN_OBJC_ROOT_CLASS = YES_ERROR;
				CLANG_WARN_UNREACHABLE_CODE = YES;
				CLANG_WARN__DUPLICATE_METHOD_MATCH = YES;
				"CODE_SIGN_IDENTITY[sdk=iphoneos*]" = "iPhone Developer";
				COPY_PHASE_STRIP = NO;
				DEBUG_INFORMATION_FORMAT = "dwarf-with-dsym";
				ENABLE_STRICT_OBJC_MSGSEND = YES;
				GCC_C_LANGUAGE_STANDARD = gnu99;
				GCC_DYNAMIC_NO_PIC = NO;
				GCC_NO_COMMON_BLOCKS = YES;
				GCC_OPTIMIZATION_LEVEL = 0;
				GCC_PREPROCESSOR_DEFINITIONS = (
					"DEBUG=1",
					"$(inherited)",
				);
				GCC_SYMBOLS_PRIVATE_EXTERN = NO;
				GCC_WARN_64_TO_32_BIT_CONVERSION = YES;
				GCC_WARN_ABOUT_RETURN_TYPE = YES_ERROR;
				GCC_WARN_UNDECLARED_SELECTOR = YES;
				GCC_WARN_UNINITIALIZED_AUTOS = YES_AGGRESSIVE;
				GCC_WARN_UNUSED_FUNCTION = YES;
				GCC_WARN_UNUSED_VARIABLE = YES;
				IPHONEOS_DEPLOYMENT_TARGET = 8.0;
				MTL_ENABLE_DEBUG_INFO = YES;
				ONLY_ACTIVE_ARCH = YES;
				SDKROOT = iphoneos;
			};
			name = Debug;
		};
		BB39EEDE1B9E7DCB001AE0B4 /* Release */ = {
			isa = XCBuildConfiguration;
			buildSettings = {
				ALWAYS_SEARCH_USER_PATHS = NO;
				CLANG_CXX_LANGUAGE_STANDARD = "gnu++0x";
				CLANG_CXX_LIBRARY = "libc++";
				CLANG_ENABLE_MODULES = YES;
				CLANG_ENABLE_OBJC_ARC = YES;
				CLANG_WARN_BOOL_CONVERSION = YES;
				CLANG_WARN_CONSTANT_CONVERSION = YES;
				CLANG_WARN_DIRECT_OBJC_ISA_USAGE = YES_ERROR;
				CLANG_WARN_EMPTY_BODY = YES;
				CLANG_WARN_ENUM_CONVERSION = YES;
				CLANG_WARN_INT_CONVERSION = YES;
				CLANG_WARN_OBJC_ROOT_CLASS = YES_ERROR;
				CLANG_WARN_UNREACHABLE_CODE = YES;
				CLANG_WARN__DUPLICATE_METHOD_MATCH = YES;
				"CODE_SIGN_IDENTITY[sdk=iphoneos*]" = "iPhone Developer";
				COPY_PHASE_STRIP = NO;
				DEBUG_INFORMATION_FORMAT = "dwarf-with-dsym";
				ENABLE_NS_ASSERTIONS = NO;
				ENABLE_STRICT_OBJC_MSGSEND = YES;
				GCC_C_LANGUAGE_STANDARD = gnu99;
				GCC_NO_COMMON_BLOCKS = YES;
				GCC_WARN_64_TO_32_BIT_CONVERSION = YES;
				GCC_WARN_ABOUT_RETURN_TYPE = YES_ERROR;
				GCC_WARN_UNDECLARED_SELECTOR = YES;
				GCC_WARN_UNINITIALIZED_AUTOS = YES_AGGRESSIVE;
				GCC_WARN_UNUSED_FUNCTION = YES;
				GCC_WARN_UNUSED_VARIABLE = YES;
				IPHONEOS_DEPLOYMENT_TARGET = 8.0;
				MTL_ENABLE_DEBUG_INFO = NO;
				SDKROOT = iphoneos;
				VALIDATE_PRODUCT = YES;
			};
			name = Release;
		};
		BB39EEE01B9E7DCB001AE0B4 /* Debug */ = {
			isa = XCBuildConfiguration;
			buildSettings = {
				ASSETCATALOG_COMPILER_APPICON_NAME = AppIcon;
				INFOPLIST_FILE = MyStoryBoard/Info.plist;
				IPHONEOS_DEPLOYMENT_TARGET = 8.0;
				LD_RUNPATH_SEARCH_PATHS = "$(inherited) @executable_path/Frameworks";
				PRODUCT_NAME = "$(TARGET_NAME)";
			};
			name = Debug;
		};
		BB39EEE11B9E7DCB001AE0B4 /* Release */ = {
			isa = XCBuildConfiguration;
			buildSettings = {
				ASSETCATALOG_COMPILER_APPICON_NAME = AppIcon;
				INFOPLIST_FILE = MyStoryBoard/Info.plist;
				IPHONEOS_DEPLOYMENT_TARGET = 8.0;
				LD_RUNPATH_SEARCH_PATHS = "$(inherited) @executable_path/Frameworks";
				PRODUCT_NAME = "$(TARGET_NAME)";
			};
			name = Release;
		};
		BB39EEE31B9E7DCB001AE0B4 /* Debug */ = {
			isa = XCBuildConfiguration;
			buildSettings = {
				BUNDLE_LOADER = "$(TEST_HOST)";
				FRAMEWORK_SEARCH_PATHS = (
					"$(SDKROOT)/Developer/Library/Frameworks",
					"$(inherited)",
				);
				GCC_PREPROCESSOR_DEFINITIONS = (
					"DEBUG=1",
					"$(inherited)",
				);
				INFOPLIST_FILE = MyStoryBoardTests/Info.plist;
				LD_RUNPATH_SEARCH_PATHS = "$(inherited) @executable_path/Frameworks @loader_path/Frameworks";
				PRODUCT_NAME = "$(TARGET_NAME)";
				TEST_HOST = "$(BUILT_PRODUCTS_DIR)/MyStoryBoard.app/MyStoryBoard";
			};
			name = Debug;
		};
		BB39EEE41B9E7DCB001AE0B4 /* Release */ = {
			isa = XCBuildConfiguration;
			buildSettings = {
				BUNDLE_LOADER = "$(TEST_HOST)";
				FRAMEWORK_SEARCH_PATHS = (
					"$(SDKROOT)/Developer/Library/Frameworks",
					"$(inherited)",
				);
				INFOPLIST_FILE = MyStoryBoardTests/Info.plist;
				LD_RUNPATH_SEARCH_PATHS = "$(inherited) @executable_path/Frameworks @loader_path/Frameworks";
				PRODUCT_NAME = "$(TARGET_NAME)";
				TEST_HOST = "$(BUILT_PRODUCTS_DIR)/MyStoryBoard.app/MyStoryBoard";
			};
			name = Release;
		};
/* End XCBuildConfiguration section */

/* Begin XCConfigurationList section */
		BB39EEB71B9E7DCB001AE0B4 /* Build configuration list for PBXProject "MyStoryBoard" */ = {
			isa = XCConfigurationList;
			buildConfigurations = (
				BB39EEDD1B9E7DCB001AE0B4 /* Debug */,
				BB39EEDE1B9E7DCB001AE0B4 /* Release */,
			);
			defaultConfigurationIsVisible = 0;
			defaultConfigurationName = Release;
		};
		BB39EEDF1B9E7DCB001AE0B4 /* Build configuration list for PBXNativeTarget "MyStoryBoard" */ = {
			isa = XCConfigurationList;
			buildConfigurations = (
				BB39EEE01B9E7DCB001AE0B4 /* Debug */,
				BB39EEE11B9E7DCB001AE0B4 /* Release */,
			);
			defaultConfigurationIsVisible = 0;
			defaultConfigurationName = Release;
		};
		BB39EEE21B9E7DCB001AE0B4 /* Build configuration list for PBXNativeTarget "MyStoryBoardTests" */ = {
			isa = XCConfigurationList;
			buildConfigurations = (
				BB39EEE31B9E7DCB001AE0B4 /* Debug */,
				BB39EEE41B9E7DCB001AE0B4 /* Release */,
			);
			defaultConfigurationIsVisible = 0;
			defaultConfigurationName = Release;
		};
/* End XCConfigurationList section */
	};
	rootObject = BB39EEB41B9E7DCB001AE0B4 /* Project object */;
}
